
Microsoft Visual Studio Solution File, Format Version 12.00
# Visual Studio Version 17
VisualStudioVersion = 17.3.32819.101
MinimumVisualStudioVersion = 10.0.40219.1
Project("{9A19103F-16F7-4668-BE54-9A1E7A4F7556}") = "Leaf2Google", "Leaf2Google\Leaf2Google.csproj", "{814FBDCB-57C6-4F1C-A7F0-28D122F87BA9}"
EndProject
Project("{2150E333-8FDC-42A3-9474-1A3956D46DE8}") = "Solution Items", "Solution Items", "{A6F9326E-481C-4C95-9F9D-8B3FC3A46804}"
	ProjectSection(SolutionItems) = preProject
		.editorconfig = .editorconfig
	EndProjectSection
EndProject
Project("{9A19103F-16F7-4668-BE54-9A1E7A4F7556}") = "Leaf2Google.UnitTests", "Leaf2Google.UnitTests\Leaf2Google.UnitTests.csproj", "{1E073144-438C-4D44-BA7A-FFDA24222139}"
EndProject
Project("{FAE04EC0-301F-11D3-BF4B-00C04F79EFBC}") = "Leaf2Google.Models", "Leaf2Google.Models\Leaf2Google.Models.csproj", "{6045B689-3E5C-4BF2-A997-2517857729F5}"
EndProject
Global
	GlobalSection(SolutionConfigurationPlatforms) = preSolution
		Debug|Any CPU = Debug|Any CPU
		Release|Any CPU = Release|Any CPU
	EndGlobalSection
	GlobalSection(ProjectConfigurationPlatforms) = postSolution
		{814FBDCB-57C6-4F1C-A7F0-28D122F87BA9}.Debug|Any CPU.ActiveCfg = Debug|Any CPU
		{814FBDCB-57C6-4F1C-A7F0-28D122F87BA9}.Debug|Any CPU.Build.0 = Debug|Any CPU
		{814FBDCB-57C6-4F1C-A7F0-28D122F87BA9}.Release|Any CPU.ActiveCfg = Release|Any CPU
		{814FBDCB-57C6-4F1C-A7F0-28D122F87BA9}.Release|Any CPU.Build.0 = Release|Any CPU
		{1E073144-438C-4D44-BA7A-FFDA24222139}.Debug|Any CPU.ActiveCfg = Debug|Any CPU
		{1E073144-438C-4D44-BA7A-FFDA24222139}.Debug|Any CPU.Build.0 = Debug|Any CPU
		{1E073144-438C-4D44-BA7A-FFDA24222139}.Release|Any CPU.ActiveCfg = Release|Any CPU
		{1E073144-438C-4D44-BA7A-FFDA24222139}.Release|Any CPU.Build.0 = Release|Any CPU
		{6045B689-3E5C-4BF2-A997-2517857729F5}.Debug|Any CPU.ActiveCfg = Debug|Any CPU
		{6045B689-3E5C-4BF2-A997-2517857729F5}.Debug|Any CPU.Build.0 = Debug|Any CPU
		{6045B689-3E5C-4BF2-A997-2517857729F5}.Release|Any CPU.ActiveCfg = Release|Any CPU
		{6045B689-3E5C-4BF2-A997-2517857729F5}.Release|Any CPU.Build.0 = Release|Any CPU
	EndGlobalSection
	GlobalSection(SolutionProperties) = preSolution
		HideSolutionNode = FALSE
	EndGlobalSection
	GlobalSection(ExtensibilityGlobals) = postSolution
		SolutionGuid = {92479DC3-A52B-4403-94A7-064950E49C62}
	EndGlobalSection
EndGlobal
